
Microsoft Visual Studio Solution File, Format Version 12.00
# Visual Studio Version 17
VisualStudioVersion = 17.9.34902.65
MinimumVisualStudioVersion = 10.0.40219.1
Project("{F2A71F9B-5D33-465A-A702-920D77279786}") = "AidaAppCore", "AidaAppCore.fsproj", "{700E48C7-2E30-408E-AA10-0FC294DFBD94}"
EndProject
Global
	GlobalSection(SolutionConfigurationPlatforms) = preSolution
		Debug|Any CPU = Debug|Any CPU
		Release|Any CPU = Release|Any CPU
	EndGlobalSection
	GlobalSection(ProjectConfigurationPlatforms) = postSolution
		{700E48C7-2E30-408E-AA10-0FC294DFBD94}.Debug|Any CPU.ActiveCfg = Debug|Any CPU
		{700E48C7-2E30-408E-AA10-0FC294DFBD94}.Debug|Any CPU.Build.0 = Debug|Any CPU
		{700E48C7-2E30-408E-AA10-0FC294DFBD94}.Release|Any CPU.ActiveCfg = Release|Any CPU
		{700E48C7-2E30-408E-AA10-0FC294DFBD94}.Release|Any CPU.Build.0 = Release|Any CPU
	EndGlobalSection
	GlobalSection(SolutionProperties) = preSolution
		HideSolutionNode = FALSE
	EndGlobalSection
	GlobalSection(ExtensibilityGlobals) = postSolution
		SolutionGuid = {FCBFFEA3-436B-4DF7-BC26-DBB681E71DC6}
	EndGlobalSection
EndGlobal
